// !$*UTF8*$!
{
	archiveVersion = 1;
	classes = {
	};
	objectVersion = 50;
	objects = {

/* Begin PBXBuildFile section */
		1A780E55F726FE5D5895E0B4 /* Pods_SoleeklabTask.framework in Frameworks */ = {isa = PBXBuildFile; fileRef = 53970744DD9EFAE848761D40 /* Pods_SoleeklabTask.framework */; };
		52767B592174CC20006155C5 /* AppDelegate.swift in Sources */ = {isa = PBXBuildFile; fileRef = 52767B582174CC20006155C5 /* AppDelegate.swift */; };
		52767B5B2174CC20006155C5 /* LoginVC.swift in Sources */ = {isa = PBXBuildFile; fileRef = 52767B5A2174CC20006155C5 /* LoginVC.swift */; };
		52767B5E2174CC20006155C5 /* Main.storyboard in Resources */ = {isa = PBXBuildFile; fileRef = 52767B5C2174CC20006155C5 /* Main.storyboard */; };
		52767B602174CC23006155C5 /* Assets.xcassets in Resources */ = {isa = PBXBuildFile; fileRef = 52767B5F2174CC23006155C5 /* Assets.xcassets */; };
		52767B632174CC23006155C5 /* LaunchScreen.storyboard in Resources */ = {isa = PBXBuildFile; fileRef = 52767B612174CC23006155C5 /* LaunchScreen.storyboard */; };
		52767B6F2174CEC2006155C5 /* GoogleService-Info.plist in Resources */ = {isa = PBXBuildFile; fileRef = 52767B6E2174CEC2006155C5 /* GoogleService-Info.plist */; };
		52767B712174E952006155C5 /* UserAuthentication.swift in Sources */ = {isa = PBXBuildFile; fileRef = 52767B702174E952006155C5 /* UserAuthentication.swift */; };
		52767B762174FCBE006155C5 /* RoundImage.swift in Sources */ = {isa = PBXBuildFile; fileRef = 52767B722174FCBD006155C5 /* RoundImage.swift */; };
		52767B772174FCBE006155C5 /* LoginView.swift in Sources */ = {isa = PBXBuildFile; fileRef = 52767B732174FCBD006155C5 /* LoginView.swift */; };
		52767B782174FCBE006155C5 /* ShadowView.swift in Sources */ = {isa = PBXBuildFile; fileRef = 52767B742174FCBE006155C5 /* ShadowView.swift */; };
		52767B792174FCBE006155C5 /* LoginButton.swift in Sources */ = {isa = PBXBuildFile; fileRef = 52767B752174FCBE006155C5 /* LoginButton.swift */; };
		52767B7B217503A0006155C5 /* Colors.swift in Sources */ = {isa = PBXBuildFile; fileRef = 52767B7A217503A0006155C5 /* Colors.swift */; };
		52767B7D21750426006155C5 /* SignupVC.swift in Sources */ = {isa = PBXBuildFile; fileRef = 52767B7C21750426006155C5 /* SignupVC.swift */; };
		52767B8321750848006155C5 /* MBProgressHUD.m in Sources */ = {isa = PBXBuildFile; fileRef = 52767B8021750847006155C5 /* MBProgressHUD.m */; };
		52767B8421750848006155C5 /* ParentViewController.swift in Sources */ = {isa = PBXBuildFile; fileRef = 52767B8221750848006155C5 /* ParentViewController.swift */; };
		52767B8621750B8B006155C5 /* CountriesVC.swift in Sources */ = {isa = PBXBuildFile; fileRef = 52767B8521750B8B006155C5 /* CountriesVC.swift */; };
		52767B8921751304006155C5 /* ViewControllerExtension.swift in Sources */ = {isa = PBXBuildFile; fileRef = 52767B8821751304006155C5 /* ViewControllerExtension.swift */; };
		52767B8B2175189B006155C5 /* countriesTabelViewCell.swift in Sources */ = {isa = PBXBuildFile; fileRef = 52767B8A2175189B006155C5 /* countriesTabelViewCell.swift */; };
		52767B8D21751B85006155C5 /* Country.swift in Sources */ = {isa = PBXBuildFile; fileRef = 52767B8C21751B85006155C5 /* Country.swift */; };
/* End PBXBuildFile section */

/* Begin PBXFileReference section */
		4CD9CECE0ABB33D2BE24EBE1 /* Pods-SoleeklabTask.debug.xcconfig */ = {isa = PBXFileReference; includeInIndex = 1; lastKnownFileType = text.xcconfig; name = "Pods-SoleeklabTask.debug.xcconfig"; path = "Pods/Target Support Files/Pods-SoleeklabTask/Pods-SoleeklabTask.debug.xcconfig"; sourceTree = "<group>"; };
		52767B552174CC20006155C5 /* SoleeklabTask.app */ = {isa = PBXFileReference; explicitFileType = wrapper.application; includeInIndex = 0; path = SoleeklabTask.app; sourceTree = BUILT_PRODUCTS_DIR; };
		52767B582174CC20006155C5 /* AppDelegate.swift */ = {isa = PBXFileReference; lastKnownFileType = sourcecode.swift; path = AppDelegate.swift; sourceTree = "<group>"; };
		52767B5A2174CC20006155C5 /* LoginVC.swift */ = {isa = PBXFileReference; lastKnownFileType = sourcecode.swift; path = LoginVC.swift; sourceTree = "<group>"; };
		52767B5D2174CC20006155C5 /* Base */ = {isa = PBXFileReference; lastKnownFileType = file.storyboard; name = Base; path = Base.lproj/Main.storyboard; sourceTree = "<group>"; };
		52767B5F2174CC23006155C5 /* Assets.xcassets */ = {isa = PBXFileReference; lastKnownFileType = folder.assetcatalog; path = Assets.xcassets; sourceTree = "<group>"; };
		52767B622174CC23006155C5 /* Base */ = {isa = PBXFileReference; lastKnownFileType = file.storyboard; name = Base; path = Base.lproj/LaunchScreen.storyboard; sourceTree = "<group>"; };
		52767B642174CC23006155C5 /* Info.plist */ = {isa = PBXFileReference; lastKnownFileType = text.plist.xml; path = Info.plist; sourceTree = "<group>"; };
		52767B6E2174CEC2006155C5 /* GoogleService-Info.plist */ = {isa = PBXFileReference; fileEncoding = 4; lastKnownFileType = text.plist.xml; path = "GoogleService-Info.plist"; sourceTree = "<group>"; };
		52767B702174E952006155C5 /* UserAuthentication.swift */ = {isa = PBXFileReference; lastKnownFileType = sourcecode.swift; path = UserAuthentication.swift; sourceTree = "<group>"; };
		52767B722174FCBD006155C5 /* RoundImage.swift */ = {isa = PBXFileReference; fileEncoding = 4; lastKnownFileType = sourcecode.swift; path = RoundImage.swift; sourceTree = "<group>"; };
		52767B732174FCBD006155C5 /* LoginView.swift */ = {isa = PBXFileReference; fileEncoding = 4; lastKnownFileType = sourcecode.swift; path = LoginView.swift; sourceTree = "<group>"; };
		52767B742174FCBE006155C5 /* ShadowView.swift */ = {isa = PBXFileReference; fileEncoding = 4; lastKnownFileType = sourcecode.swift; path = ShadowView.swift; sourceTree = "<group>"; };
		52767B752174FCBE006155C5 /* LoginButton.swift */ = {isa = PBXFileReference; fileEncoding = 4; lastKnownFileType = sourcecode.swift; path = LoginButton.swift; sourceTree = "<group>"; };
		52767B7A217503A0006155C5 /* Colors.swift */ = {isa = PBXFileReference; lastKnownFileType = sourcecode.swift; path = Colors.swift; sourceTree = "<group>"; };
		52767B7C21750426006155C5 /* SignupVC.swift */ = {isa = PBXFileReference; lastKnownFileType = sourcecode.swift; path = SignupVC.swift; sourceTree = "<group>"; };
		52767B7F21750846006155C5 /* SoleeklabTask-Bridging-Header.h */ = {isa = PBXFileReference; lastKnownFileType = sourcecode.c.h; path = "SoleeklabTask-Bridging-Header.h"; sourceTree = "<group>"; };
		52767B8021750847006155C5 /* MBProgressHUD.m */ = {isa = PBXFileReference; fileEncoding = 4; lastKnownFileType = sourcecode.c.objc; path = MBProgressHUD.m; sourceTree = "<group>"; };
		52767B8121750848006155C5 /* MBProgressHUD.h */ = {isa = PBXFileReference; fileEncoding = 4; lastKnownFileType = sourcecode.c.h; path = MBProgressHUD.h; sourceTree = "<group>"; };
		52767B8221750848006155C5 /* ParentViewController.swift */ = {isa = PBXFileReference; fileEncoding = 4; lastKnownFileType = sourcecode.swift; path = ParentViewController.swift; sourceTree = "<group>"; };
		52767B8521750B8B006155C5 /* CountriesVC.swift */ = {isa = PBXFileReference; lastKnownFileType = sourcecode.swift; path = CountriesVC.swift; sourceTree = "<group>"; };
		52767B8821751304006155C5 /* ViewControllerExtension.swift */ = {isa = PBXFileReference; lastKnownFileType = sourcecode.swift; path = ViewControllerExtension.swift; sourceTree = "<group>"; };
		52767B8A2175189B006155C5 /* countriesTabelViewCell.swift */ = {isa = PBXFileReference; lastKnownFileType = sourcecode.swift; path = countriesTabelViewCell.swift; sourceTree = "<group>"; };
		52767B8C21751B85006155C5 /* Country.swift */ = {isa = PBXFileReference; lastKnownFileType = sourcecode.swift; path = Country.swift; sourceTree = "<group>"; };
		53970744DD9EFAE848761D40 /* Pods_SoleeklabTask.framework */ = {isa = PBXFileReference; explicitFileType = wrapper.framework; includeInIndex = 0; path = Pods_SoleeklabTask.framework; sourceTree = BUILT_PRODUCTS_DIR; };
		5AC1F528A26F01B149ADE0A7 /* Pods-SoleeklabTask.release.xcconfig */ = {isa = PBXFileReference; includeInIndex = 1; lastKnownFileType = text.xcconfig; name = "Pods-SoleeklabTask.release.xcconfig"; path = "Pods/Target Support Files/Pods-SoleeklabTask/Pods-SoleeklabTask.release.xcconfig"; sourceTree = "<group>"; };
/* End PBXFileReference section */

/* Begin PBXFrameworksBuildPhase section */
		52767B522174CC20006155C5 /* Frameworks */ = {
			isa = PBXFrameworksBuildPhase;
			buildActionMask = 2147483647;
			files = (
				1A780E55F726FE5D5895E0B4 /* Pods_SoleeklabTask.framework in Frameworks */,
			);
			runOnlyForDeploymentPostprocessing = 0;
		};
/* End PBXFrameworksBuildPhase section */

/* Begin PBXGroup section */
		52767B4C2174CC20006155C5 = {
			isa = PBXGroup;
			children = (
				52767B572174CC20006155C5 /* SoleeklabTask */,
				52767B562174CC20006155C5 /* Products */,
				EF0AFCFAD134B5CEDF5F5E9D /* Pods */,
				F73B4ABB56C388BA23C2B5AB /* Frameworks */,
			);
			sourceTree = "<group>";
		};
		52767B562174CC20006155C5 /* Products */ = {
			isa = PBXGroup;
			children = (
				52767B552174CC20006155C5 /* SoleeklabTask.app */,
			);
			name = Products;
			sourceTree = "<group>";
		};
		52767B572174CC20006155C5 /* SoleeklabTask */ = {
			isa = PBXGroup;
			children = (
				52767B87217512E9006155C5 /* Extensions */,
				52767B6D2174CC4B006155C5 /* Model */,
				52767B6C2174CC45006155C5 /* View */,
				52767B6B2174CC3F006155C5 /* Controller */,
				52767B8E21752694006155C5 /* System Files */,
				52767B6A2174CC35006155C5 /* Resources */,
				52767B5C2174CC20006155C5 /* Main.storyboard */,
				52767B6E2174CEC2006155C5 /* GoogleService-Info.plist */,
			);
			path = SoleeklabTask;
			sourceTree = "<group>";
		};
		52767B6A2174CC35006155C5 /* Resources */ = {
			isa = PBXGroup;
			children = (
				52767B7E21750836006155C5 /* Progess HUD */,
			);
			path = Resources;
			sourceTree = "<group>";
		};
		52767B6B2174CC3F006155C5 /* Controller */ = {
			isa = PBXGroup;
			children = (
				52767B5A2174CC20006155C5 /* LoginVC.swift */,
				52767B7C21750426006155C5 /* SignupVC.swift */,
				52767B8521750B8B006155C5 /* CountriesVC.swift */,
			);
			path = Controller;
			sourceTree = "<group>";
		};
		52767B6C2174CC45006155C5 /* View */ = {
			isa = PBXGroup;
			children = (
				52767B752174FCBE006155C5 /* LoginButton.swift */,
				52767B732174FCBD006155C5 /* LoginView.swift */,
				52767B722174FCBD006155C5 /* RoundImage.swift */,
				52767B742174FCBE006155C5 /* ShadowView.swift */,
				52767B7A217503A0006155C5 /* Colors.swift */,
				52767B8A2175189B006155C5 /* countriesTabelViewCell.swift */,
			);
			path = View;
			sourceTree = "<group>";
		};
		52767B6D2174CC4B006155C5 /* Model */ = {
			isa = PBXGroup;
			children = (
				52767B702174E952006155C5 /* UserAuthentication.swift */,
				52767B8C21751B85006155C5 /* Country.swift */,
			);
			path = Model;
			sourceTree = "<group>";
		};
		52767B7E21750836006155C5 /* Progess HUD */ = {
			isa = PBXGroup;
			children = (
				52767B8121750848006155C5 /* MBProgressHUD.h */,
				52767B8021750847006155C5 /* MBProgressHUD.m */,
				52767B8221750848006155C5 /* ParentViewController.swift */,
				52767B7F21750846006155C5 /* SoleeklabTask-Bridging-Header.h */,
			);
			path = "Progess HUD";
			sourceTree = "<group>";
		};
		52767B87217512E9006155C5 /* Extensions */ = {
			isa = PBXGroup;
			children = (
				52767B8821751304006155C5 /* ViewControllerExtension.swift */,
			);
			path = Extensions;
			sourceTree = "<group>";
		};
		52767B8E21752694006155C5 /* System Files */ = {
			isa = PBXGroup;
			children = (
				52767B582174CC20006155C5 /* AppDelegate.swift */,
				52767B5F2174CC23006155C5 /* Assets.xcassets */,
				52767B612174CC23006155C5 /* LaunchScreen.storyboard */,
				52767B642174CC23006155C5 /* Info.plist */,
			);
			path = "System Files";
			sourceTree = "<group>";
		};
		EF0AFCFAD134B5CEDF5F5E9D /* Pods */ = {
			isa = PBXGroup;
			children = (
				4CD9CECE0ABB33D2BE24EBE1 /* Pods-SoleeklabTask.debug.xcconfig */,
				5AC1F528A26F01B149ADE0A7 /* Pods-SoleeklabTask.release.xcconfig */,
			);
			name = Pods;
			sourceTree = "<group>";
		};
		F73B4ABB56C388BA23C2B5AB /* Frameworks */ = {
			isa = PBXGroup;
			children = (
				53970744DD9EFAE848761D40 /* Pods_SoleeklabTask.framework */,
			);
			name = Frameworks;
			sourceTree = "<group>";
		};
/* End PBXGroup section */

/* Begin PBXNativeTarget section */
		52767B542174CC20006155C5 /* SoleeklabTask */ = {
			isa = PBXNativeTarget;
			buildConfigurationList = 52767B672174CC23006155C5 /* Build configuration list for PBXNativeTarget "SoleeklabTask" */;
			buildPhases = (
				41B4A3ED11588F672657E2B0 /* [CP] Check Pods Manifest.lock */,
				52767B512174CC20006155C5 /* Sources */,
				52767B522174CC20006155C5 /* Frameworks */,
				52767B532174CC20006155C5 /* Resources */,
				6B03BACA034FAD573283B453 /* [CP] Embed Pods Frameworks */,
			);
			buildRules = (
			);
			dependencies = (
			);
			name = SoleeklabTask;
			productName = SoleeklabTask;
			productReference = 52767B552174CC20006155C5 /* SoleeklabTask.app */;
			productType = "com.apple.product-type.application";
		};
/* End PBXNativeTarget section */

/* Begin PBXProject section */
		52767B4D2174CC20006155C5 /* Project object */ = {
			isa = PBXProject;
			attributes = {
				LastSwiftUpdateCheck = 1000;
				LastUpgradeCheck = 1000;
				ORGANIZATIONNAME = Bassyouni;
				TargetAttributes = {
					52767B542174CC20006155C5 = {
						CreatedOnToolsVersion = 10.0;
						LastSwiftMigration = 1000;
					};
				};
			};
			buildConfigurationList = 52767B502174CC20006155C5 /* Build configuration list for PBXProject "SoleeklabTask" */;
			compatibilityVersion = "Xcode 9.3";
			developmentRegion = en;
			hasScannedForEncodings = 0;
			knownRegions = (
				en,
				Base,
			);
			mainGroup = 52767B4C2174CC20006155C5;
			productRefGroup = 52767B562174CC20006155C5 /* Products */;
			projectDirPath = "";
			projectRoot = "";
			targets = (
				52767B542174CC20006155C5 /* SoleeklabTask */,
			);
		};
/* End PBXProject section */

/* Begin PBXResourcesBuildPhase section */
		52767B532174CC20006155C5 /* Resources */ = {
			isa = PBXResourcesBuildPhase;
			buildActionMask = 2147483647;
			files = (
				52767B632174CC23006155C5 /* LaunchScreen.storyboard in Resources */,
				52767B6F2174CEC2006155C5 /* GoogleService-Info.plist in Resources */,
				52767B602174CC23006155C5 /* Assets.xcassets in Resources */,
				52767B5E2174CC20006155C5 /* Main.storyboard in Resources */,
			);
			runOnlyForDeploymentPostprocessing = 0;
		};
/* End PBXResourcesBuildPhase section */

/* Begin PBXShellScriptBuildPhase section */
		41B4A3ED11588F672657E2B0 /* [CP] Check Pods Manifest.lock */ = {
			isa = PBXShellScriptBuildPhase;
			buildActionMask = 2147483647;
			files = (
			);
			inputPaths = (
				"${PODS_PODFILE_DIR_PATH}/Podfile.lock",
				"${PODS_ROOT}/Manifest.lock",
			);
			name = "[CP] Check Pods Manifest.lock";
			outputPaths = (
				"$(DERIVED_FILE_DIR)/Pods-SoleeklabTask-checkManifestLockResult.txt",
			);
			runOnlyForDeploymentPostprocessing = 0;
			shellPath = /bin/sh;
			shellScript = "diff \"${PODS_PODFILE_DIR_PATH}/Podfile.lock\" \"${PODS_ROOT}/Manifest.lock\" > /dev/null\nif [ $? != 0 ] ; then\n    # print error to STDERR\n    echo \"error: The sandbox is not in sync with the Podfile.lock. Run 'pod install' or update your CocoaPods installation.\" >&2\n    exit 1\nfi\n# This output is used by Xcode 'outputs' to avoid re-running this script phase.\necho \"SUCCESS\" > \"${SCRIPT_OUTPUT_FILE_0}\"\n";
			showEnvVarsInLog = 0;
		};
		6B03BACA034FAD573283B453 /* [CP] Embed Pods Frameworks */ = {
			isa = PBXShellScriptBuildPhase;
			buildActionMask = 2147483647;
			files = (
			);
			inputPaths = (
				"${SRCROOT}/Pods/Target Support Files/Pods-SoleeklabTask/Pods-SoleeklabTask-frameworks.sh",
				"${BUILT_PRODUCTS_DIR}/GTMSessionFetcher/GTMSessionFetcher.framework",
				"${BUILT_PRODUCTS_DIR}/GoogleUtilities/GoogleUtilities.framework",
				"${BUILT_PRODUCTS_DIR}/IHKeyboardAvoiding/IHKeyboardAvoiding.framework",
				"${BUILT_PRODUCTS_DIR}/SkyFloatingLabelTextField/SkyFloatingLabelTextField.framework",
				"${BUILT_PRODUCTS_DIR}/nanopb/nanopb.framework",
			);
			name = "[CP] Embed Pods Frameworks";
			outputPaths = (
				"${TARGET_BUILD_DIR}/${FRAMEWORKS_FOLDER_PATH}/GTMSessionFetcher.framework",
				"${TARGET_BUILD_DIR}/${FRAMEWORKS_FOLDER_PATH}/GoogleUtilities.framework",
				"${TARGET_BUILD_DIR}/${FRAMEWORKS_FOLDER_PATH}/IHKeyboardAvoiding.framework",
				"${TARGET_BUILD_DIR}/${FRAMEWORKS_FOLDER_PATH}/SkyFloatingLabelTextField.framework",
				"${TARGET_BUILD_DIR}/${FRAMEWORKS_FOLDER_PATH}/nanopb.framework",
			);
			runOnlyForDeploymentPostprocessing = 0;
			shellPath = /bin/sh;
			shellScript = "\"${SRCROOT}/Pods/Target Support Files/Pods-SoleeklabTask/Pods-SoleeklabTask-frameworks.sh\"\n";
			showEnvVarsInLog = 0;
		};
/* End PBXShellScriptBuildPhase section */

/* Begin PBXSourcesBuildPhase section */
		52767B512174CC20006155C5 /* Sources */ = {
			isa = PBXSourcesBuildPhase;
			buildActionMask = 2147483647;
			files = (
				52767B8B2175189B006155C5 /* countriesTabelViewCell.swift in Sources */,
				52767B782174FCBE006155C5 /* ShadowView.swift in Sources */,
				52767B7B217503A0006155C5 /* Colors.swift in Sources */,
				52767B712174E952006155C5 /* UserAuthentication.swift in Sources */,
				52767B7D21750426006155C5 /* SignupVC.swift in Sources */,
				52767B8421750848006155C5 /* ParentViewController.swift in Sources */,
				52767B792174FCBE006155C5 /* LoginButton.swift in Sources */,
				52767B5B2174CC20006155C5 /* LoginVC.swift in Sources */,
				52767B762174FCBE006155C5 /* RoundImage.swift in Sources */,
				52767B8321750848006155C5 /* MBProgressHUD.m in Sources */,
				52767B8921751304006155C5 /* ViewControllerExtension.swift in Sources */,
				52767B8621750B8B006155C5 /* CountriesVC.swift in Sources */,
				52767B772174FCBE006155C5 /* LoginView.swift in Sources */,
				52767B8D21751B85006155C5 /* Country.swift in Sources */,
				52767B592174CC20006155C5 /* AppDelegate.swift in Sources */,
			);
			runOnlyForDeploymentPostprocessing = 0;
		};
/* End PBXSourcesBuildPhase section */

/* Begin PBXVariantGroup section */
		52767B5C2174CC20006155C5 /* Main.storyboard */ = {
			isa = PBXVariantGroup;
			children = (
				52767B5D2174CC20006155C5 /* Base */,
			);
			name = Main.storyboard;
			sourceTree = "<group>";
		};
		52767B612174CC23006155C5 /* LaunchScreen.storyboard */ = {
			isa = PBXVariantGroup;
			children = (
				52767B622174CC23006155C5 /* Base */,
			);
			name = LaunchScreen.storyboard;
			sourceTree = "<group>";
		};
/* End PBXVariantGroup section */

/* Begin XCBuildConfiguration section */
		52767B652174CC23006155C5 /* Debug */ = {
			isa = XCBuildConfiguration;
			buildSettings = {
				ALWAYS_SEARCH_USER_PATHS = NO;
				CLANG_ANALYZER_NONNULL = YES;
				CLANG_ANALYZER_NUMBER_OBJECT_CONVERSION = YES_AGGRESSIVE;
				CLANG_CXX_LANGUAGE_STANDARD = "gnu++14";
				CLANG_CXX_LIBRARY = "libc++";
				CLANG_ENABLE_MODULES = YES;
				CLANG_ENABLE_OBJC_ARC = YES;
				CLANG_ENABLE_OBJC_WEAK = YES;
				CLANG_WARN_BLOCK_CAPTURE_AUTORELEASING = YES;
				CLANG_WARN_BOOL_CONVERSION = YES;
				CLANG_WARN_COMMA = YES;
				CLANG_WARN_CONSTANT_CONVERSION = YES;
				CLANG_WARN_DEPRECATED_OBJC_IMPLEMENTATIONS = YES;
				CLANG_WARN_DIRECT_OBJC_ISA_USAGE = YES_ERROR;
				CLANG_WARN_DOCUMENTATION_COMMENTS = YES;
				CLANG_WARN_EMPTY_BODY = YES;
				CLANG_WARN_ENUM_CONVERSION = YES;
				CLANG_WARN_INFINITE_RECURSION = YES;
				CLANG_WARN_INT_CONVERSION = YES;
				CLANG_WARN_NON_LITERAL_NULL_CONVERSION = YES;
				CLANG_WARN_OBJC_IMPLICIT_RETAIN_SELF = YES;
				CLANG_WARN_OBJC_LITERAL_CONVERSION = YES;
				CLANG_WARN_OBJC_ROOT_CLASS = YES_ERROR;
				CLANG_WARN_RANGE_LOOP_ANALYSIS = YES;
				CLANG_WARN_STRICT_PROTOTYPES = YES;
				CLANG_WARN_SUSPICIOUS_MOVE = YES;
				CLANG_WARN_UNGUARDED_AVAILABILITY = YES_AGGRESSIVE;
				CLANG_WARN_UNREACHABLE_CODE = YES;
				CLANG_WARN__DUPLICATE_METHOD_MATCH = YES;
				CODE_SIGN_IDENTITY = "iPhone Developer";
				COPY_PHASE_STRIP = NO;
				DEBUG_INFORMATION_FORMAT = dwarf;
				ENABLE_STRICT_OBJC_MSGSEND = YES;
				ENABLE_TESTABILITY = YES;
				GCC_C_LANGUAGE_STANDARD = gnu11;
				GCC_DYNAMIC_NO_PIC = NO;
				GCC_NO_COMMON_BLOCKS = YES;
				GCC_OPTIMIZATION_LEVEL = 0;
				GCC_PREPROCESSOR_DEFINITIONS = (
					"DEBUG=1",
					"$(inherited)",
				);
				GCC_WARN_64_TO_32_BIT_CONVERSION = YES;
				GCC_WARN_ABOUT_RETURN_TYPE = YES_ERROR;
				GCC_WARN_UNDECLARED_SELECTOR = YES;
				GCC_WARN_UNINITIALIZED_AUTOS = YES_AGGRESSIVE;
				GCC_WARN_UNUSED_FUNCTION = YES;
				GCC_WARN_UNUSED_VARIABLE = YES;
				IPHONEOS_DEPLOYMENT_TARGET = 12.0;
				MTL_ENABLE_DEBUG_INFO = INCLUDE_SOURCE;
				MTL_FAST_MATH = YES;
				ONLY_ACTIVE_ARCH = YES;
				SDKROOT = iphoneos;
				SWIFT_ACTIVE_COMPILATION_CONDITIONS = DEBUG;
				SWIFT_OPTIMIZATION_LEVEL = "-Onone";
			};
			name = Debug;
		};
		52767B662174CC23006155C5 /* Release */ = {
			isa = XCBuildConfiguration;
			buildSettings = {
				ALWAYS_SEARCH_USER_PATHS = NO;
				CLANG_ANALYZER_NONNULL = YES;
				CLANG_ANALYZER_NUMBER_OBJECT_CONVERSION = YES_AGGRESSIVE;
				CLANG_CXX_LANGUAGE_STANDARD = "gnu++14";
				CLANG_CXX_LIBRARY = "libc++";
				CLANG_ENABLE_MODULES = YES;
				CLANG_ENABLE_OBJC_ARC = YES;
				CLANG_ENABLE_OBJC_WEAK = YES;
				CLANG_WARN_BLOCK_CAPTURE_AUTORELEASING = YES;
				CLANG_WARN_BOOL_CONVERSION = YES;
				CLANG_WARN_COMMA = YES;
				CLANG_WARN_CONSTANT_CONVERSION = YES;
				CLANG_WARN_DEPRECATED_OBJC_IMPLEMENTATIONS = YES;
				CLANG_WARN_DIRECT_OBJC_ISA_USAGE = YES_ERROR;
				CLANG_WARN_DOCUMENTATION_COMMENTS = YES;
				CLANG_WARN_EMPTY_BODY = YES;
				CLANG_WARN_ENUM_CONVERSION = YES;
				CLANG_WARN_INFINITE_RECURSION = YES;
				CLANG_WARN_INT_CONVERSION = YES;
				CLANG_WARN_NON_LITERAL_NULL_CONVERSION = YES;
				CLANG_WARN_OBJC_IMPLICIT_RETAIN_SELF = YES;
				CLANG_WARN_OBJC_LITERAL_CONVERSION = YES;
				CLANG_WARN_OBJC_ROOT_CLASS = YES_ERROR;
				CLANG_WARN_RANGE_LOOP_ANALYSIS = YES;
				CLANG_WARN_STRICT_PROTOTYPES = YES;
				CLANG_WARN_SUSPICIOUS_MOVE = YES;
				CLANG_WARN_UNGUARDED_AVAILABILITY = YES_AGGRESSIVE;
				CLANG_WARN_UNREACHABLE_CODE = YES;
				CLANG_WARN__DUPLICATE_METHOD_MATCH = YES;
				CODE_SIGN_IDENTITY = "iPhone Developer";
				COPY_PHASE_STRIP = NO;
				DEBUG_INFORMATION_FORMAT = "dwarf-with-dsym";
				ENABLE_NS_ASSERTIONS = NO;
				ENABLE_STRICT_OBJC_MSGSEND = YES;
				GCC_C_LANGUAGE_STANDARD = gnu11;
				GCC_NO_COMMON_BLOCKS = YES;
				GCC_WARN_64_TO_32_BIT_CONVERSION = YES;
				GCC_WARN_ABOUT_RETURN_TYPE = YES_ERROR;
				GCC_WARN_UNDECLARED_SELECTOR = YES;
				GCC_WARN_UNINITIALIZED_AUTOS = YES_AGGRESSIVE;
				GCC_WARN_UNUSED_FUNCTION = YES;
				GCC_WARN_UNUSED_VARIABLE = YES;
				IPHONEOS_DEPLOYMENT_TARGET = 12.0;
				MTL_ENABLE_DEBUG_INFO = NO;
				MTL_FAST_MATH = YES;
				SDKROOT = iphoneos;
				SWIFT_COMPILATION_MODE = wholemodule;
				SWIFT_OPTIMIZATION_LEVEL = "-O";
				VALIDATE_PRODUCT = YES;
			};
			name = Release;
		};
		52767B682174CC23006155C5 /* Debug */ = {
			isa = XCBuildConfiguration;
			baseConfigurationReference = 4CD9CECE0ABB33D2BE24EBE1 /* Pods-SoleeklabTask.debug.xcconfig */;
			buildSettings = {
				ASSETCATALOG_COMPILER_APPICON_NAME = AppIcon;
				CLANG_ENABLE_MODULES = YES;
				CODE_SIGN_STYLE = Automatic;
				DEVELOPMENT_TEAM = WED766W23U;
				INFOPLIST_FILE = "$(SRCROOT)/SoleeklabTask/System Files/Info.plist";
				LD_RUNPATH_SEARCH_PATHS = (
					"$(inherited)",
					"@executable_path/Frameworks",
				);
				PRODUCT_BUNDLE_IDENTIFIER = com.Bassyouni.SoleeklabTask;
				PRODUCT_NAME = "$(TARGET_NAME)";
				SWIFT_OBJC_BRIDGING_HEADER = "SoleeklabTask/Resources/Progess HUD/SoleeklabTask-Bridging-Header.h";
				SWIFT_OPTIMIZATION_LEVEL = "-Onone";
				SWIFT_VERSION = 4.2;
				TARGETED_DEVICE_FAMILY = "1,2";
			};
			name = Debug;
		};
		52767B692174CC23006155C5 /* Release */ = {
			isa = XCBuildConfiguration;
			baseConfigurationReference = 5AC1F528A26F01B149ADE0A7 /* Pods-SoleeklabTask.release.xcconfig */;
			buildSettings = {
				ASSETCATALOG_COMPILER_APPICON_NAME = AppIcon;
				CLANG_ENABLE_MODULES = YES;
				CODE_SIGN_STYLE = Automatic;
				DEVELOPMENT_TEAM = WED766W23U;
				INFOPLIST_FILE = "$(SRCROOT)/SoleeklabTask/System Files/Info.plist";
				LD_RUNPATH_SEARCH_PATHS = (
					"$(inherited)",
					"@executable_path/Frameworks",
				);
				PRODUCT_BUNDLE_IDENTIFIER = com.Bassyouni.SoleeklabTask;
				PRODUCT_NAME = "$(TARGET_NAME)";
				SWIFT_OBJC_BRIDGING_HEADER = "SoleeklabTask/Resources/Progess HUD/SoleeklabTask-Bridging-Header.h";
				SWIFT_VERSION = 4.2;
				TARGETED_DEVICE_FAMILY = "1,2";
			};
			name = Release;
		};
/* End XCBuildConfiguration section */

/* Begin XCConfigurationList section */
		52767B502174CC20006155C5 /* Build configuration list for PBXProject "SoleeklabTask" */ = {
			isa = XCConfigurationList;
			buildConfigurations = (
				52767B652174CC23006155C5 /* Debug */,
				52767B662174CC23006155C5 /* Release */,
			);
			defaultConfigurationIsVisible = 0;
			defaultConfigurationName = Release;
		};
		52767B672174CC23006155C5 /* Build configuration list for PBXNativeTarget "SoleeklabTask" */ = {
			isa = XCConfigurationList;
			buildConfigurations = (
				52767B682174CC23006155C5 /* Debug */,
				52767B692174CC23006155C5 /* Release */,
			);
			defaultConfigurationIsVisible = 0;
			defaultConfigurationName = Release;
		};
/* End XCConfigurationList section */
	};
	rootObject = 52767B4D2174CC20006155C5 /* Project object */;
}
